
Microsoft Visual Studio Solution File, Format Version 12.00
# Visual Studio Version 16
VisualStudioVersion = 16.0.30011.22
MinimumVisualStudioVersion = 10.0.40219.1
Project("{FAE04EC0-301F-11D3-BF4B-00C04F79EFBC}") = "Lab_10.Android", "Lab_10\Lab_10.Android\Lab_10.Android.csproj", "{56CFB3C5-AF14-4D7F-8B96-74F1C8AC995D}"
EndProject
Project("{FAE04EC0-301F-11D3-BF4B-00C04F79EFBC}") = "Lab_10.iOS", "Lab_10\Lab_10.iOS\Lab_10.iOS.csproj", "{E251B1ED-13C4-4171-8868-573CE931A6F1}"
EndProject
Project("{FAE04EC0-301F-11D3-BF4B-00C04F79EFBC}") = "Lab_10", "Lab_10\Lab_10\Lab_10.csproj", "{D0C31FEE-3EAC-44E7-8F7C-E02122C37811}"
EndProject
Global
	GlobalSection(SolutionConfigurationPlatforms) = preSolution
		Debug|Any CPU = Debug|Any CPU
		Debug|iPhone = Debug|iPhone
		Debug|iPhoneSimulator = Debug|iPhoneSimulator
		Release|Any CPU = Release|Any CPU
		Release|iPhone = Release|iPhone
		Release|iPhoneSimulator = Release|iPhoneSimulator
	EndGlobalSection
	GlobalSection(ProjectConfigurationPlatforms) = postSolution
		{56CFB3C5-AF14-4D7F-8B96-74F1C8AC995D}.Debug|Any CPU.ActiveCfg = Debug|Any CPU
		{56CFB3C5-AF14-4D7F-8B96-74F1C8AC995D}.Debug|Any CPU.Build.0 = Debug|Any CPU
		{56CFB3C5-AF14-4D7F-8B96-74F1C8AC995D}.Debug|Any CPU.Deploy.0 = Debug|Any CPU
		{56CFB3C5-AF14-4D7F-8B96-74F1C8AC995D}.Debug|iPhone.ActiveCfg = Debug|Any CPU
		{56CFB3C5-AF14-4D7F-8B96-74F1C8AC995D}.Debug|iPhone.Build.0 = Debug|Any CPU
		{56CFB3C5-AF14-4D7F-8B96-74F1C8AC995D}.Debug|iPhone.Deploy.0 = Debug|Any CPU
		{56CFB3C5-AF14-4D7F-8B96-74F1C8AC995D}.Debug|iPhoneSimulator.ActiveCfg = Debug|Any CPU
		{56CFB3C5-AF14-4D7F-8B96-74F1C8AC995D}.Debug|iPhoneSimulator.Build.0 = Debug|Any CPU
		{56CFB3C5-AF14-4D7F-8B96-74F1C8AC995D}.Debug|iPhoneSimulator.Deploy.0 = Debug|Any CPU
		{56CFB3C5-AF14-4D7F-8B96-74F1C8AC995D}.Release|Any CPU.ActiveCfg = Release|Any CPU
		{56CFB3C5-AF14-4D7F-8B96-74F1C8AC995D}.Release|Any CPU.Build.0 = Release|Any CPU
		{56CFB3C5-AF14-4D7F-8B96-74F1C8AC995D}.Release|Any CPU.Deploy.0 = Release|Any CPU
		{56CFB3C5-AF14-4D7F-8B96-74F1C8AC995D}.Release|iPhone.ActiveCfg = Release|Any CPU
		{56CFB3C5-AF14-4D7F-8B96-74F1C8AC995D}.Release|iPhone.Build.0 = Release|Any CPU
		{56CFB3C5-AF14-4D7F-8B96-74F1C8AC995D}.Release|iPhone.Deploy.0 = Release|Any CPU
		{56CFB3C5-AF14-4D7F-8B96-74F1C8AC995D}.Release|iPhoneSimulator.ActiveCfg = Release|Any CPU
		{56CFB3C5-AF14-4D7F-8B96-74F1C8AC995D}.Release|iPhoneSimulator.Build.0 = Release|Any CPU
		{56CFB3C5-AF14-4D7F-8B96-74F1C8AC995D}.Release|iPhoneSimulator.Deploy.0 = Release|Any CPU
		{E251B1ED-13C4-4171-8868-573CE931A6F1}.Debug|Any CPU.ActiveCfg = Debug|iPhone
		{E251B1ED-13C4-4171-8868-573CE931A6F1}.Debug|Any CPU.Build.0 = Debug|iPhone
		{E251B1ED-13C4-4171-8868-573CE931A6F1}.Debug|Any CPU.Deploy.0 = Debug|iPhone
		{E251B1ED-13C4-4171-8868-573CE931A6F1}.Debug|iPhone.ActiveCfg = Debug|iPhone
		{E251B1ED-13C4-4171-8868-573CE931A6F1}.Debug|iPhone.Build.0 = Debug|iPhone
		{E251B1ED-13C4-4171-8868-573CE931A6F1}.Debug|iPhone.Deploy.0 = Debug|iPhone
		{E251B1ED-13C4-4171-8868-573CE931A6F1}.Debug|iPhoneSimulator.ActiveCfg = Debug|iPhoneSimulator
		{E251B1ED-13C4-4171-8868-573CE931A6F1}.Debug|iPhoneSimulator.Build.0 = Debug|iPhoneSimulator
		{E251B1ED-13C4-4171-8868-573CE931A6F1}.Debug|iPhoneSimulator.Deploy.0 = Debug|iPhoneSimulator
		{E251B1ED-13C4-4171-8868-573CE931A6F1}.Release|Any CPU.ActiveCfg = Release|iPhone
		{E251B1ED-13C4-4171-8868-573CE931A6F1}.Release|Any CPU.Build.0 = Release|iPhone
		{E251B1ED-13C4-4171-8868-573CE931A6F1}.Release|Any CPU.Deploy.0 = Release|iPhone
		{E251B1ED-13C4-4171-8868-573CE931A6F1}.Release|iPhone.ActiveCfg = Release|iPhone
		{E251B1ED-13C4-4171-8868-573CE931A6F1}.Release|iPhone.Build.0 = Release|iPhone
		{E251B1ED-13C4-4171-8868-573CE931A6F1}.Release|iPhone.Deploy.0 = Release|iPhone
		{E251B1ED-13C4-4171-8868-573CE931A6F1}.Release|iPhoneSimulator.ActiveCfg = Release|iPhoneSimulator
		{E251B1ED-13C4-4171-8868-573CE931A6F1}.Release|iPhoneSimulator.Build.0 = Release|iPhoneSimulator
		{E251B1ED-13C4-4171-8868-573CE931A6F1}.Release|iPhoneSimulator.Deploy.0 = Release|iPhoneSimulator
		{D0C31FEE-3EAC-44E7-8F7C-E02122C37811}.Debug|Any CPU.ActiveCfg = Debug|Any CPU
		{D0C31FEE-3EAC-44E7-8F7C-E02122C37811}.Debug|Any CPU.Build.0 = Debug|Any CPU
		{D0C31FEE-3EAC-44E7-8F7C-E02122C37811}.Debug|Any CPU.Deploy.0 = Debug|Any CPU
		{D0C31FEE-3EAC-44E7-8F7C-E02122C37811}.Debug|iPhone.ActiveCfg = Debug|Any CPU
		{D0C31FEE-3EAC-44E7-8F7C-E02122C37811}.Debug|iPhone.Build.0 = Debug|Any CPU
		{D0C31FEE-3EAC-44E7-8F7C-E02122C37811}.Debug|iPhone.Deploy.0 = Debug|Any CPU
		{D0C31FEE-3EAC-44E7-8F7C-E02122C37811}.Debug|iPhoneSimulator.ActiveCfg = Debug|Any CPU
		{D0C31FEE-3EAC-44E7-8F7C-E02122C37811}.Debug|iPhoneSimulator.Build.0 = Debug|Any CPU
		{D0C31FEE-3EAC-44E7-8F7C-E02122C37811}.Debug|iPhoneSimulator.Deploy.0 = Debug|Any CPU
		{D0C31FEE-3EAC-44E7-8F7C-E02122C37811}.Release|Any CPU.ActiveCfg = Release|Any CPU
		{D0C31FEE-3EAC-44E7-8F7C-E02122C37811}.Release|Any CPU.Build.0 = Release|Any CPU
		{D0C31FEE-3EAC-44E7-8F7C-E02122C37811}.Release|Any CPU.Deploy.0 = Release|Any CPU
		{D0C31FEE-3EAC-44E7-8F7C-E02122C37811}.Release|iPhone.ActiveCfg = Release|Any CPU
		{D0C31FEE-3EAC-44E7-8F7C-E02122C37811}.Release|iPhone.Build.0 = Release|Any CPU
		{D0C31FEE-3EAC-44E7-8F7C-E02122C37811}.Release|iPhone.Deploy.0 = Release|Any CPU
		{D0C31FEE-3EAC-44E7-8F7C-E02122C37811}.Release|iPhoneSimulator.ActiveCfg = Release|Any CPU
		{D0C31FEE-3EAC-44E7-8F7C-E02122C37811}.Release|iPhoneSimulator.Build.0 = Release|Any CPU
		{D0C31FEE-3EAC-44E7-8F7C-E02122C37811}.Release|iPhoneSimulator.Deploy.0 = Release|Any CPU
	EndGlobalSection
	GlobalSection(SolutionProperties) = preSolution
		HideSolutionNode = FALSE
	EndGlobalSection
	GlobalSection(ExtensibilityGlobals) = postSolution
		SolutionGuid = {AEE12E2A-8034-4910-80EF-1797384059F8}
	EndGlobalSection
EndGlobal
